
Microsoft Visual Studio Solution File, Format Version 12.00
# Visual Studio 14
VisualStudioVersion = 14.0.25420.1
MinimumVisualStudioVersion = 10.0.40219.1
Project("{2150E333-8FDC-42A3-9474-1A3956D46DE8}") = "src", "src", "{10AED7FB-1324-4969-B700-BCFCAE2A8E39}"
EndProject
Project("{2150E333-8FDC-42A3-9474-1A3956D46DE8}") = "Solution Items", "Solution Items", "{CD6311AA-8E05-45F0-90AE-C558BA192C79}"
	ProjectSection(SolutionItems) = preProject
		global.json = global.json
	EndProjectSection
EndProject
Project("{8BB2217D-0F2D-49D1-97BC-3654ED321F3B}") = "SampleWebDotNetCore", "src\SampleWebDotNetCore\SampleWebDotNetCore.xproj", "{CC1BBA89-8517-4B21-A97B-C542BE5B3BC2}"
EndProject
Global
	GlobalSection(SolutionConfigurationPlatforms) = preSolution
		Debug|Any CPU = Debug|Any CPU
		Release|Any CPU = Release|Any CPU
	EndGlobalSection
	GlobalSection(ProjectConfigurationPlatforms) = postSolution
		{CC1BBA89-8517-4B21-A97B-C542BE5B3BC2}.Debug|Any CPU.ActiveCfg = Debug|Any CPU
		{CC1BBA89-8517-4B21-A97B-C542BE5B3BC2}.Debug|Any CPU.Build.0 = Debug|Any CPU
		{CC1BBA89-8517-4B21-A97B-C542BE5B3BC2}.Release|Any CPU.ActiveCfg = Release|Any CPU
		{CC1BBA89-8517-4B21-A97B-C542BE5B3BC2}.Release|Any CPU.Build.0 = Release|Any CPU
	EndGlobalSection
	GlobalSection(SolutionProperties) = preSolution
		HideSolutionNode = FALSE
	EndGlobalSection
	GlobalSection(NestedProjects) = preSolution
		{CC1BBA89-8517-4B21-A97B-C542BE5B3BC2} = {10AED7FB-1324-4969-B700-BCFCAE2A8E39}
	EndGlobalSection
EndGlobal
